
Microsoft Visual Studio Solution File, Format Version 12.00
# Visual Studio Version 17
VisualStudioVersion = 17.8.34330.188
MinimumVisualStudioVersion = 10.0.40219.1
Project("{FAE04EC0-301F-11D3-BF4B-00C04F79EFBC}") = "CalculadoraSimples", "CalculadoraSimples\CalculadoraSimples.csproj", "{D346DADE-292F-45AA-A8F6-85A89D26033B}"
EndProject
Global
	GlobalSection(SolutionConfigurationPlatforms) = preSolution
		Debug|Any CPU = Debug|Any CPU
		Release|Any CPU = Release|Any CPU
	EndGlobalSection
	GlobalSection(ProjectConfigurationPlatforms) = postSolution
		{D346DADE-292F-45AA-A8F6-85A89D26033B}.Debug|Any CPU.ActiveCfg = Debug|Any CPU
		{D346DADE-292F-45AA-A8F6-85A89D26033B}.Debug|Any CPU.Build.0 = Debug|Any CPU
		{D346DADE-292F-45AA-A8F6-85A89D26033B}.Release|Any CPU.ActiveCfg = Release|Any CPU
		{D346DADE-292F-45AA-A8F6-85A89D26033B}.Release|Any CPU.Build.0 = Release|Any CPU
	EndGlobalSection
	GlobalSection(SolutionProperties) = preSolution
		HideSolutionNode = FALSE
	EndGlobalSection
	GlobalSection(ExtensibilityGlobals) = postSolution
		SolutionGuid = {E7086A5A-E1D7-4D30-8A01-33001BFFA345}
	EndGlobalSection
EndGlobal
